
Microsoft Visual Studio Solution File, Format Version 12.00
# Visual Studio Version 16
VisualStudioVersion = 16.0.30907.101
MinimumVisualStudioVersion = 10.0.40219.1
Project("{00D1A9C2-B5F0-4AF3-8072-F6C62B433612}") = "GAsp", "GAsp\GAsp.sqlproj", "{AE67E416-F2F8-414B-B60A-527011993234}"
EndProject
Global
	GlobalSection(SolutionConfigurationPlatforms) = preSolution
		Debug|Any CPU = Debug|Any CPU
		Release|Any CPU = Release|Any CPU
	EndGlobalSection
	GlobalSection(ProjectConfigurationPlatforms) = postSolution
		{AE67E416-F2F8-414B-B60A-527011993234}.Debug|Any CPU.ActiveCfg = Debug|Any CPU
		{AE67E416-F2F8-414B-B60A-527011993234}.Debug|Any CPU.Build.0 = Debug|Any CPU
		{AE67E416-F2F8-414B-B60A-527011993234}.Debug|Any CPU.Deploy.0 = Debug|Any CPU
		{AE67E416-F2F8-414B-B60A-527011993234}.Release|Any CPU.ActiveCfg = Release|Any CPU
		{AE67E416-F2F8-414B-B60A-527011993234}.Release|Any CPU.Build.0 = Release|Any CPU
		{AE67E416-F2F8-414B-B60A-527011993234}.Release|Any CPU.Deploy.0 = Release|Any CPU
	EndGlobalSection
	GlobalSection(SolutionProperties) = preSolution
		HideSolutionNode = FALSE
	EndGlobalSection
	GlobalSection(ExtensibilityGlobals) = postSolution
		SolutionGuid = {3F001C88-9088-49FB-A86C-C78755BA21C6}
	EndGlobalSection
EndGlobal
